{
  "object": {
    "pins": [
      {
        "package": "ahsheet",
        "repositoryURL": "https://github.com/zeionara/ahsheet.git",
        "state": {
          "branch": "oauth",
          "revision": "30fda3560fcf806bf0471c8368c314993b7d3661",
          "version": null
        }
      },
      {
        "package": "BigInt",
        "repositoryURL": "https://github.com/attaswift/BigInt",
        "state": {
          "branch": null,
          "revision": "0ed110f7555c34ff468e72e1686e59721f2b0da6",
          "version": "5.3.0"
        }
      },
      {
        "package": "CryptoSwift",
        "repositoryURL": "https://github.com/krzyzanowskim/CryptoSwift.git",
        "state": {
          "branch": null,
          "revision": "af1b58fc569bfde777462349b9f7314b61762be0",
          "version": "1.3.2"
        }
      },
      {
        "package": "Auth",
        "repositoryURL": "https://github.com/zeionara/google-auth-library-swift",
        "state": {
          "branch": "master",
          "revision": "d32ec42aa752f5685860300d7e21cc055811cf83",
          "version": null
        }
      },
      {
        "package": "Runtime",
        "repositoryURL": "https://github.com/wickwirew/Runtime.git",
        "state": {
          "branch": "master",
          "revision": "dad03135d7701a4e7b3a4051e75d6b37bd8e178e",
          "version": null
        }
      },
      {
        "package": "Swat",
        "repositoryURL": "https://github.com/zeionara/Swat.git",
        "state": {
          "branch": "master",
          "revision": "a37af87634c37829b75accd2c79d6f2fd9335b67",
          "version": null
        }
      },
      {
        "package": "swift-argument-parser",
        "repositoryURL": "https://github.com/apple/swift-argument-parser",
        "state": {
          "branch": null,
          "revision": "fddd1c00396eed152c45a46bea9f47b98e59301d",
          "version": "1.2.0"
        }
      },
      {
        "package": "swift-atomics",
        "repositoryURL": "https://github.com/apple/swift-atomics.git",
        "state": {
          "branch": null,
          "revision": "ff3d2212b6b093db7f177d0855adbc4ef9c5f036",
          "version": "1.0.3"
        }
      },
      {
        "package": "swift-collections",
        "repositoryURL": "https://github.com/apple/swift-collections.git",
        "state": {
          "branch": null,
          "revision": "937e904258d22af6e447a0b72c0bc67583ef64a2",
          "version": "1.0.4"
        }
      },
      {
        "package": "swift-log",
        "repositoryURL": "https://github.com/apple/swift-log.git",
        "state": {
          "branch": null,
          "revision": "6fe203dc33195667ce1759bf0182975e4653ba1c",
          "version": "1.4.4"
        }
      },
      {
        "package": "swift-nio",
        "repositoryURL": "https://github.com/apple/swift-nio.git",
        "state": {
          "branch": null,
          "revision": "7e3b50b38e4e66f31db6cf4a784c6af148bac846",
          "version": "2.46.0"
        }
      },
      {
        "package": "PcgRandom",
        "repositoryURL": "https://github.com/paiv/swift-pcg-random.git",
        "state": {
          "branch": null,
          "revision": "9008021a68686c1ce913eb273e016c2db184f3dd",
          "version": "1.2.1"
        }
      },
      {
        "package": "TelegramBotSDK",
        "repositoryURL": "https://github.com/zeionara/telegram-bot-swift.git",
        "state": {
          "branch": "master",
          "revision": "7d995c4b83adb5cc9de40ec87b5b448b83d36aad",
          "version": null
        }
      },
      {
        "package": "wickedData",
        "repositoryURL": "https://github.com/zeionara/wicked-data",
        "state": {
          "branch": "master",
          "revision": "d389b541f52b1efd08f9be69d66b2005d5000481",
          "version": null
        }
      },
      {
        "package": "Yaml",
        "repositoryURL": "https://github.com/zeionara/YamlSwift.git",
        "state": {
          "branch": "master",
          "revision": "c7e5a179ebf485e145719f4468c28e095b923859",
          "version": null
        }
      },
      {
        "package": "Yams",
        "repositoryURL": "https://github.com/zeionara/Yams.git",
        "state": {
          "branch": "main",
          "revision": "12a673d6e47dbd627de403fb032ad8b00aab47b5",
          "version": null
        }
      }
    ]
  },
  "version": 1
}
