{
  "object": {
    "pins": [
      {
        "package": "ahsheet",
        "repositoryURL": "/home/zeio/ahsheet",
        "state": {
          "branch": "oauth",
          "revision": "c3f904890e660ee3af935dac4d1c8184adad928d",
          "version": null
        }
      },
      {
        "package": "BigInt",
        "repositoryURL": "https://github.com/attaswift/BigInt",
        "state": {
          "branch": null,
          "revision": "0ed110f7555c34ff468e72e1686e59721f2b0da6",
          "version": "5.3.0"
        }
      },
      {
        "package": "CryptoSwift",
        "repositoryURL": "https://github.com/krzyzanowskim/CryptoSwift.git",
        "state": {
          "branch": null,
          "revision": "af1b58fc569bfde777462349b9f7314b61762be0",
          "version": "1.3.2"
        }
      },
      {
        "package": "Auth",
        "repositoryURL": "https://github.com/zeionara/google-auth-library-swift",
        "state": {
          "branch": "master",
          "revision": "dd399a69d232c28df45431a4fd3bcd86f11d7d28",
          "version": null
        }
      },
      {
        "package": "swift-argument-parser",
        "repositoryURL": "https://github.com/apple/swift-argument-parser",
        "state": {
          "branch": null,
          "revision": "e1465042f195f374b94f915ba8ca49de24300a0d",
          "version": "1.0.2"
        }
      },
      {
        "package": "swift-log",
        "repositoryURL": "https://github.com/apple/swift-log.git",
        "state": {
          "branch": null,
          "revision": "5d66f7ba25daf4f94100e7022febf3c75e37a6c7",
          "version": "1.4.2"
        }
      },
      {
        "package": "swift-nio",
        "repositoryURL": "https://github.com/apple/swift-nio.git",
        "state": {
          "branch": null,
          "revision": "37e7a33de45bac894c0b08b56a2f755ebe4884e6",
          "version": "2.35.0"
        }
      },
      {
        "package": "PcgRandom",
        "repositoryURL": "https://github.com/paiv/swift-pcg-random.git",
        "state": {
          "branch": null,
          "revision": "9008021a68686c1ce913eb273e016c2db184f3dd",
          "version": "1.2.1"
        }
      },
      {
        "package": "wickedData",
        "repositoryURL": "https://github.com/zeionara/wicked-data",
        "state": {
          "branch": "master",
          "revision": "2fa2b6fb11f72d37d5cc02841863e32911addd65",
          "version": null
        }
      },
      {
        "package": "Yams",
        "repositoryURL": "https://github.com/jpsim/Yams.git",
        "state": {
          "branch": null,
          "revision": "9ff1cc9327586db4e0c8f46f064b6a82ec1566fa",
          "version": "4.0.6"
        }
      }
    ]
  },
  "version": 1
}
